// !$*UTF8*$!
{
	archiveVersion = 1;
	classes = {
	};
	objectVersion = 46;
	objects = {

/* Begin PBXBuildFile section */
		04AF5162DFD461A328A863FC /* Pods_ADIONAUITests.framework in Frameworks */ = {isa = PBXBuildFile; fileRef = 7A9385097079BB187810197B /* Pods_ADIONAUITests.framework */; };
		1156CFC01D846B7D006F45CC /* AppDelegate.swift in Sources */ = {isa = PBXBuildFile; fileRef = 1156CFBF1D846B7D006F45CC /* AppDelegate.swift */; };
		1156CFC21D846B7D006F45CC /* ViewController.swift in Sources */ = {isa = PBXBuildFile; fileRef = 1156CFC11D846B7D006F45CC /* ViewController.swift */; };
		1156CFC51D846B7D006F45CC /* Main.storyboard in Resources */ = {isa = PBXBuildFile; fileRef = 1156CFC31D846B7D006F45CC /* Main.storyboard */; };
		1156CFC71D846B7D006F45CC /* Assets.xcassets in Resources */ = {isa = PBXBuildFile; fileRef = 1156CFC61D846B7D006F45CC /* Assets.xcassets */; };
		1156CFCA1D846B7D006F45CC /* LaunchScreen.storyboard in Resources */ = {isa = PBXBuildFile; fileRef = 1156CFC81D846B7D006F45CC /* LaunchScreen.storyboard */; };
		1156CFD51D846B7D006F45CC /* ADIONATests.swift in Sources */ = {isa = PBXBuildFile; fileRef = 1156CFD41D846B7D006F45CC /* ADIONATests.swift */; };
		1156CFE01D846B7D006F45CC /* ADIONAUITests.swift in Sources */ = {isa = PBXBuildFile; fileRef = 1156CFDF1D846B7D006F45CC /* ADIONAUITests.swift */; };
<<<<<<< HEAD

		1B43236F1D85CE75002BE96D /* MessageComposer.swift in Sources */ = {isa = PBXBuildFile; fileRef = 1B43236E1D85CE75002BE96D /* MessageComposer.swift */; };
		1B7627081D84C4C900FC61A2 /* initScreen.swift in Sources */ = {isa = PBXBuildFile; fileRef = 1B7627071D84C4C900FC61A2 /* initScreen.swift */; };
		1B76270C1D85B84900FC61A2 /* MapViewController.swift in Sources */ = {isa = PBXBuildFile; fileRef = 1B76270B1D85B84900FC61A2 /* MapViewController.swift */; };
		1B76270E1D85BBAA00FC61A2 /* Crime.swift in Sources */ = {isa = PBXBuildFile; fileRef = 1B76270D1D85BBAA00FC61A2 /* Crime.swift */; };
		1B7627101D85BC5000FC61A2 /* VCMapView.swift in Sources */ = {isa = PBXBuildFile; fileRef = 1B76270F1D85BC5000FC61A2 /* VCMapView.swift */; };
=======
>>>>>>> e1cfb1a6ea983470f91087042272a71d09fbbcfb
		1B9D42C71D847FA800350CAE /* (null) in Sources */ = {isa = PBXBuildFile; };
		1B9D42C91D84810B00350CAE /* (null) in Sources */ = {isa = PBXBuildFile; };
		1B9D42CB1D848E6800350CAE /* (null) in Sources */ = {isa = PBXBuildFile; };
		1B9D42CE1D849AFB00350CAE /* (null) in Sources */ = {isa = PBXBuildFile; };
<<<<<<< HEAD
		1CA8B8FC2A93C5706E74545D /* Pods_ADIONATests.framework in Frameworks */ = {isa = PBXBuildFile; fileRef = 0549DE22FB7B7EA4FC4D81E5 /* Pods_ADIONATests.framework */; };
		52FAE6454C9347651A906A7A /* Pods_ADIONA.framework in Frameworks */ = {isa = PBXBuildFile; fileRef = B0B271A60687EAECE1831AEA /* Pods_ADIONA.framework */; };
=======
		30AEFB101D84927F0036C4C0 /* MessageComposer.swift in Sources */ = {isa = PBXBuildFile; fileRef = 30AEFB0F1D84927F0036C4C0 /* MessageComposer.swift */; };
		30AEFB121D849F860036C4C0 /* .gitignore in Resources */ = {isa = PBXBuildFile; fileRef = 30AEFB111D849F860036C4C0 /* .gitignore */; };
		7D80805EAA2585D25E9ABBFF /* Pods_ADIONATests.framework in Frameworks */ = {isa = PBXBuildFile; fileRef = 0549DE22FB7B7EA4FC4D81E5 /* Pods_ADIONATests.framework */; };
		AE592258DDA4EB6EFC11676E /* Pods_ADIONA.framework in Frameworks */ = {isa = PBXBuildFile; fileRef = B0B271A60687EAECE1831AEA /* Pods_ADIONA.framework */; };
>>>>>>> e1cfb1a6ea983470f91087042272a71d09fbbcfb
/* End PBXBuildFile section */

/* Begin PBXContainerItemProxy section */
		1156CFD11D846B7D006F45CC /* PBXContainerItemProxy */ = {
			isa = PBXContainerItemProxy;
			containerPortal = 1156CFB41D846B7C006F45CC /* Project object */;
			proxyType = 1;
			remoteGlobalIDString = 1156CFBB1D846B7D006F45CC;
			remoteInfo = ADIONA;
		};
		1156CFDC1D846B7D006F45CC /* PBXContainerItemProxy */ = {
			isa = PBXContainerItemProxy;
			containerPortal = 1156CFB41D846B7C006F45CC /* Project object */;
			proxyType = 1;
			remoteGlobalIDString = 1156CFBB1D846B7D006F45CC;
			remoteInfo = ADIONA;
		};
/* End PBXContainerItemProxy section */

/* Begin PBXFileReference section */
		0549DE22FB7B7EA4FC4D81E5 /* Pods_ADIONATests.framework */ = {isa = PBXFileReference; explicitFileType = wrapper.framework; includeInIndex = 0; path = Pods_ADIONATests.framework; sourceTree = BUILT_PRODUCTS_DIR; };
		0A827FF20DBC8F4F22284A1B /* Pods-ADIONATests.debug.xcconfig */ = {isa = PBXFileReference; includeInIndex = 1; lastKnownFileType = text.xcconfig; name = "Pods-ADIONATests.debug.xcconfig"; path = "Pods/Target Support Files/Pods-ADIONATests/Pods-ADIONATests.debug.xcconfig"; sourceTree = "<group>"; };
		1156CFBC1D846B7D006F45CC /* ADIONA.app */ = {isa = PBXFileReference; explicitFileType = wrapper.application; includeInIndex = 0; path = ADIONA.app; sourceTree = BUILT_PRODUCTS_DIR; };
		1156CFBF1D846B7D006F45CC /* AppDelegate.swift */ = {isa = PBXFileReference; lastKnownFileType = sourcecode.swift; path = AppDelegate.swift; sourceTree = "<group>"; };
		1156CFC11D846B7D006F45CC /* ViewController.swift */ = {isa = PBXFileReference; lastKnownFileType = sourcecode.swift; path = ViewController.swift; sourceTree = "<group>"; };
		1156CFC41D846B7D006F45CC /* Base */ = {isa = PBXFileReference; lastKnownFileType = file.storyboard; name = Base; path = Base.lproj/Main.storyboard; sourceTree = "<group>"; };
		1156CFC61D846B7D006F45CC /* Assets.xcassets */ = {isa = PBXFileReference; lastKnownFileType = folder.assetcatalog; path = Assets.xcassets; sourceTree = "<group>"; };
		1156CFC91D846B7D006F45CC /* Base */ = {isa = PBXFileReference; lastKnownFileType = file.storyboard; name = Base; path = Base.lproj/LaunchScreen.storyboard; sourceTree = "<group>"; };
		1156CFCB1D846B7D006F45CC /* Info.plist */ = {isa = PBXFileReference; lastKnownFileType = text.plist.xml; path = Info.plist; sourceTree = "<group>"; };
		1156CFD01D846B7D006F45CC /* ADIONATests.xctest */ = {isa = PBXFileReference; explicitFileType = wrapper.cfbundle; includeInIndex = 0; path = ADIONATests.xctest; sourceTree = BUILT_PRODUCTS_DIR; };
		1156CFD41D846B7D006F45CC /* ADIONATests.swift */ = {isa = PBXFileReference; lastKnownFileType = sourcecode.swift; path = ADIONATests.swift; sourceTree = "<group>"; };
		1156CFD61D846B7D006F45CC /* Info.plist */ = {isa = PBXFileReference; lastKnownFileType = text.plist.xml; path = Info.plist; sourceTree = "<group>"; };
		1156CFDB1D846B7D006F45CC /* ADIONAUITests.xctest */ = {isa = PBXFileReference; explicitFileType = wrapper.cfbundle; includeInIndex = 0; path = ADIONAUITests.xctest; sourceTree = BUILT_PRODUCTS_DIR; };
		1156CFDF1D846B7D006F45CC /* ADIONAUITests.swift */ = {isa = PBXFileReference; lastKnownFileType = sourcecode.swift; path = ADIONAUITests.swift; sourceTree = "<group>"; };
		1156CFE11D846B7D006F45CC /* Info.plist */ = {isa = PBXFileReference; lastKnownFileType = text.plist.xml; path = Info.plist; sourceTree = "<group>"; };
<<<<<<< HEAD
		1B43236E1D85CE75002BE96D /* MessageComposer.swift */ = {isa = PBXFileReference; fileEncoding = 4; lastKnownFileType = sourcecode.swift; path = MessageComposer.swift; sourceTree = "<group>"; };
		1B7627071D84C4C900FC61A2 /* initScreen.swift */ = {isa = PBXFileReference; fileEncoding = 4; lastKnownFileType = sourcecode.swift; path = initScreen.swift; sourceTree = "<group>"; };
		1B76270B1D85B84900FC61A2 /* MapViewController.swift */ = {isa = PBXFileReference; fileEncoding = 4; lastKnownFileType = sourcecode.swift; path = MapViewController.swift; sourceTree = "<group>"; };
		1B76270D1D85BBAA00FC61A2 /* Crime.swift */ = {isa = PBXFileReference; fileEncoding = 4; lastKnownFileType = sourcecode.swift; path = Crime.swift; sourceTree = "<group>"; };
		1B76270F1D85BC5000FC61A2 /* VCMapView.swift */ = {isa = PBXFileReference; fileEncoding = 4; lastKnownFileType = sourcecode.swift; path = VCMapView.swift; sourceTree = "<group>"; };
=======
		1B9D42C61D847FA800350CAE /* PoliceOfficer.swift */ = {isa = PBXFileReference; fileEncoding = 4; lastKnownFileType = sourcecode.swift; path = PoliceOfficer.swift; sourceTree = "<group>"; };
		30AEFB0F1D84927F0036C4C0 /* MessageComposer.swift */ = {isa = PBXFileReference; fileEncoding = 4; lastKnownFileType = sourcecode.swift; path = MessageComposer.swift; sourceTree = "<group>"; };
		30AEFB111D849F860036C4C0 /* .gitignore */ = {isa = PBXFileReference; fileEncoding = 4; lastKnownFileType = text; path = .gitignore; sourceTree = "<group>"; };
>>>>>>> e1cfb1a6ea983470f91087042272a71d09fbbcfb
		373C322C67D752962092D4FE /* Pods-ADIONA.release.xcconfig */ = {isa = PBXFileReference; includeInIndex = 1; lastKnownFileType = text.xcconfig; name = "Pods-ADIONA.release.xcconfig"; path = "Pods/Target Support Files/Pods-ADIONA/Pods-ADIONA.release.xcconfig"; sourceTree = "<group>"; };
		3EE01030AECDC8C3BFB97CE7 /* Pods-ADIONA.debug.xcconfig */ = {isa = PBXFileReference; includeInIndex = 1; lastKnownFileType = text.xcconfig; name = "Pods-ADIONA.debug.xcconfig"; path = "Pods/Target Support Files/Pods-ADIONA/Pods-ADIONA.debug.xcconfig"; sourceTree = "<group>"; };
		710BBFB6D78ADC29F4220809 /* Pods-ADIONAUITests.debug.xcconfig */ = {isa = PBXFileReference; includeInIndex = 1; lastKnownFileType = text.xcconfig; name = "Pods-ADIONAUITests.debug.xcconfig"; path = "Pods/Target Support Files/Pods-ADIONAUITests/Pods-ADIONAUITests.debug.xcconfig"; sourceTree = "<group>"; };
		7568ACE10C834936B1FA0CCA /* Pods-ADIONAUITests.release.xcconfig */ = {isa = PBXFileReference; includeInIndex = 1; lastKnownFileType = text.xcconfig; name = "Pods-ADIONAUITests.release.xcconfig"; path = "Pods/Target Support Files/Pods-ADIONAUITests/Pods-ADIONAUITests.release.xcconfig"; sourceTree = "<group>"; };
		7A9385097079BB187810197B /* Pods_ADIONAUITests.framework */ = {isa = PBXFileReference; explicitFileType = wrapper.framework; includeInIndex = 0; path = Pods_ADIONAUITests.framework; sourceTree = BUILT_PRODUCTS_DIR; };
		B0B271A60687EAECE1831AEA /* Pods_ADIONA.framework */ = {isa = PBXFileReference; explicitFileType = wrapper.framework; includeInIndex = 0; path = Pods_ADIONA.framework; sourceTree = BUILT_PRODUCTS_DIR; };
		C2EA18FB9D64787ADEE9C9E3 /* Pods-ADIONATests.release.xcconfig */ = {isa = PBXFileReference; includeInIndex = 1; lastKnownFileType = text.xcconfig; name = "Pods-ADIONATests.release.xcconfig"; path = "Pods/Target Support Files/Pods-ADIONATests/Pods-ADIONATests.release.xcconfig"; sourceTree = "<group>"; };
/* End PBXFileReference section */

/* Begin PBXFrameworksBuildPhase section */
		1156CFB91D846B7D006F45CC /* Frameworks */ = {
			isa = PBXFrameworksBuildPhase;
			buildActionMask = 2147483647;
			files = (
				52FAE6454C9347651A906A7A /* Pods_ADIONA.framework in Frameworks */,
			);
			runOnlyForDeploymentPostprocessing = 0;
		};
		1156CFCD1D846B7D006F45CC /* Frameworks */ = {
			isa = PBXFrameworksBuildPhase;
			buildActionMask = 2147483647;
			files = (

				1CA8B8FC2A93C5706E74545D /* Pods_ADIONATests.framework in Frameworks */,
			);
			runOnlyForDeploymentPostprocessing = 0;
		};
		1156CFD81D846B7D006F45CC /* Frameworks */ = {
			isa = PBXFrameworksBuildPhase;
			buildActionMask = 2147483647;
			files = (
				04AF5162DFD461A328A863FC /* Pods_ADIONAUITests.framework in Frameworks */,
			);
			runOnlyForDeploymentPostprocessing = 0;
		};
/* End PBXFrameworksBuildPhase section */

/* Begin PBXGroup section */
		1156CFB31D846B7C006F45CC = {
			isa = PBXGroup;
			children = (
				30AEFB111D849F860036C4C0 /* .gitignore */,
				1156CFBE1D846B7D006F45CC /* ADIONA */,
				1156CFD31D846B7D006F45CC /* ADIONATests */,
				1156CFDE1D846B7D006F45CC /* ADIONAUITests */,
				1156CFBD1D846B7D006F45CC /* Products */,
				DE8C99153CE1986AC4D07952 /* Pods */,
				A2A10E28C6669FAF1078B5B8 /* Frameworks */,
			);
			sourceTree = "<group>";
		};
		1156CFBD1D846B7D006F45CC /* Products */ = {
			isa = PBXGroup;
			children = (
				1156CFBC1D846B7D006F45CC /* ADIONA.app */,
				1156CFD01D846B7D006F45CC /* ADIONATests.xctest */,
				1156CFDB1D846B7D006F45CC /* ADIONAUITests.xctest */,
			);
			name = Products;
			sourceTree = "<group>";
		};
		1156CFBE1D846B7D006F45CC /* ADIONA */ = {
			isa = PBXGroup;
			children = (
				1156CFBF1D846B7D006F45CC /* AppDelegate.swift */,
				1B76270B1D85B84900FC61A2 /* MapViewController.swift */,
				1B76270F1D85BC5000FC61A2 /* VCMapView.swift */,
				1B76270D1D85BBAA00FC61A2 /* Crime.swift */,
				1156CFC11D846B7D006F45CC /* ViewController.swift */,
<<<<<<< HEAD
				1B7627071D84C4C900FC61A2 /* initScreen.swift */,
				1B43236E1D85CE75002BE96D /* MessageComposer.swift */,
=======
				1B9D42C61D847FA800350CAE /* PoliceOfficer.swift */,
				30AEFB0F1D84927F0036C4C0 /* MessageComposer.swift */,
>>>>>>> e1cfb1a6ea983470f91087042272a71d09fbbcfb
				1156CFC31D846B7D006F45CC /* Main.storyboard */,
				1156CFC61D846B7D006F45CC /* Assets.xcassets */,
				1156CFC81D846B7D006F45CC /* LaunchScreen.storyboard */,
				1156CFCB1D846B7D006F45CC /* Info.plist */,
			);
			path = ADIONA;
			sourceTree = "<group>";
		};
		1156CFD31D846B7D006F45CC /* ADIONATests */ = {
			isa = PBXGroup;
			children = (
				1156CFD41D846B7D006F45CC /* ADIONATests.swift */,
				1156CFD61D846B7D006F45CC /* Info.plist */,
			);
			path = ADIONATests;
			sourceTree = "<group>";
		};
		1156CFDE1D846B7D006F45CC /* ADIONAUITests */ = {
			isa = PBXGroup;
			children = (
				1156CFDF1D846B7D006F45CC /* ADIONAUITests.swift */,
				1156CFE11D846B7D006F45CC /* Info.plist */,
			);
			path = ADIONAUITests;
			sourceTree = "<group>";
		};
		A2A10E28C6669FAF1078B5B8 /* Frameworks */ = {
			isa = PBXGroup;
			children = (
				B0B271A60687EAECE1831AEA /* Pods_ADIONA.framework */,
				0549DE22FB7B7EA4FC4D81E5 /* Pods_ADIONATests.framework */,
				7A9385097079BB187810197B /* Pods_ADIONAUITests.framework */,
			);
			name = Frameworks;
			sourceTree = "<group>";
		};
		DE8C99153CE1986AC4D07952 /* Pods */ = {
			isa = PBXGroup;
			children = (
				3EE01030AECDC8C3BFB97CE7 /* Pods-ADIONA.debug.xcconfig */,
				373C322C67D752962092D4FE /* Pods-ADIONA.release.xcconfig */,
				0A827FF20DBC8F4F22284A1B /* Pods-ADIONATests.debug.xcconfig */,
				C2EA18FB9D64787ADEE9C9E3 /* Pods-ADIONATests.release.xcconfig */,
				710BBFB6D78ADC29F4220809 /* Pods-ADIONAUITests.debug.xcconfig */,
				7568ACE10C834936B1FA0CCA /* Pods-ADIONAUITests.release.xcconfig */,
			);
			name = Pods;
			sourceTree = "<group>";
		};
/* End PBXGroup section */

/* Begin PBXNativeTarget section */
		1156CFBB1D846B7D006F45CC /* ADIONA */ = {
			isa = PBXNativeTarget;
			buildConfigurationList = 1156CFE41D846B7D006F45CC /* Build configuration list for PBXNativeTarget "ADIONA" */;
			buildPhases = (
				0977C1185657BC54995B79AA /* [CP] Check Pods Manifest.lock */,
				1156CFB81D846B7D006F45CC /* Sources */,
				1156CFB91D846B7D006F45CC /* Frameworks */,
				1156CFBA1D846B7D006F45CC /* Resources */,
				50540B1395D63B724F0BE59A /* [CP] Embed Pods Frameworks */,
				4C5A1CC37A6B0D0286DAAD74 /* [CP] Copy Pods Resources */,
			);
			buildRules = (
			);
			dependencies = (
			);
			name = ADIONA;
			productName = ADIONA;
			productReference = 1156CFBC1D846B7D006F45CC /* ADIONA.app */;
			productType = "com.apple.product-type.application";
		};
		1156CFCF1D846B7D006F45CC /* ADIONATests */ = {
			isa = PBXNativeTarget;
			buildConfigurationList = 1156CFE71D846B7D006F45CC /* Build configuration list for PBXNativeTarget "ADIONATests" */;
			buildPhases = (
				F8168BB5DCDCBA15F38C5F46 /* [CP] Check Pods Manifest.lock */,
				1156CFCC1D846B7D006F45CC /* Sources */,
				1156CFCD1D846B7D006F45CC /* Frameworks */,
				1156CFCE1D846B7D006F45CC /* Resources */,
				1CD126E18FB7FF8333F4B446 /* [CP] Embed Pods Frameworks */,
				74B52FC4AF75D6369081A947 /* [CP] Copy Pods Resources */,
			);
			buildRules = (
			);
			dependencies = (
				1156CFD21D846B7D006F45CC /* PBXTargetDependency */,
			);
			name = ADIONATests;
			productName = ADIONATests;
			productReference = 1156CFD01D846B7D006F45CC /* ADIONATests.xctest */;
			productType = "com.apple.product-type.bundle.unit-test";
		};
		1156CFDA1D846B7D006F45CC /* ADIONAUITests */ = {
			isa = PBXNativeTarget;
			buildConfigurationList = 1156CFEA1D846B7D006F45CC /* Build configuration list for PBXNativeTarget "ADIONAUITests" */;
			buildPhases = (
				615329BE6CFA0D1B2EE90212 /* [CP] Check Pods Manifest.lock */,
				1156CFD71D846B7D006F45CC /* Sources */,
				1156CFD81D846B7D006F45CC /* Frameworks */,
				1156CFD91D846B7D006F45CC /* Resources */,
				65B9F6B9CE75A202FBDBFDD5 /* [CP] Copy Pods Resources */,
			);
			buildRules = (
			);
			dependencies = (
				1156CFDD1D846B7D006F45CC /* PBXTargetDependency */,
			);
			name = ADIONAUITests;
			productName = ADIONAUITests;
			productReference = 1156CFDB1D846B7D006F45CC /* ADIONAUITests.xctest */;
			productType = "com.apple.product-type.bundle.ui-testing";
		};
/* End PBXNativeTarget section */

/* Begin PBXProject section */
		1156CFB41D846B7C006F45CC /* Project object */ = {
			isa = PBXProject;
			attributes = {
				LastSwiftUpdateCheck = 0730;
				LastUpgradeCheck = 0730;
				ORGANIZATIONNAME = "Laticia Chance";
				TargetAttributes = {
					1156CFBB1D846B7D006F45CC = {
						CreatedOnToolsVersion = 7.3.1;
						DevelopmentTeam = L2YWSL9AVF;

					};
					1156CFCF1D846B7D006F45CC = {
						CreatedOnToolsVersion = 7.3.1;
						DevelopmentTeam = TDFXWLD7DJ;
						TestTargetID = 1156CFBB1D846B7D006F45CC;
					};
					1156CFDA1D846B7D006F45CC = {
						CreatedOnToolsVersion = 7.3.1;
						DevelopmentTeam = TDFXWLD7DJ;
						TestTargetID = 1156CFBB1D846B7D006F45CC;
					};
				};
			};
			buildConfigurationList = 1156CFB71D846B7C006F45CC /* Build configuration list for PBXProject "ADIONA" */;
			compatibilityVersion = "Xcode 3.2";
			developmentRegion = English;
			hasScannedForEncodings = 0;
			knownRegions = (
				en,
				Base,
			);
			mainGroup = 1156CFB31D846B7C006F45CC;
			productRefGroup = 1156CFBD1D846B7D006F45CC /* Products */;
			projectDirPath = "";
			projectRoot = "";
			targets = (
				1156CFBB1D846B7D006F45CC /* ADIONA */,
				1156CFCF1D846B7D006F45CC /* ADIONATests */,
				1156CFDA1D846B7D006F45CC /* ADIONAUITests */,
			);
		};
/* End PBXProject section */

/* Begin PBXResourcesBuildPhase section */
		1156CFBA1D846B7D006F45CC /* Resources */ = {
			isa = PBXResourcesBuildPhase;
			buildActionMask = 2147483647;
			files = (
				30AEFB121D849F860036C4C0 /* .gitignore in Resources */,
				1156CFCA1D846B7D006F45CC /* LaunchScreen.storyboard in Resources */,
				1156CFC71D846B7D006F45CC /* Assets.xcassets in Resources */,
				1156CFC51D846B7D006F45CC /* Main.storyboard in Resources */,
			);
			runOnlyForDeploymentPostprocessing = 0;
		};
		1156CFCE1D846B7D006F45CC /* Resources */ = {
			isa = PBXResourcesBuildPhase;
			buildActionMask = 2147483647;
			files = (
			);
			runOnlyForDeploymentPostprocessing = 0;
		};
		1156CFD91D846B7D006F45CC /* Resources */ = {
			isa = PBXResourcesBuildPhase;
			buildActionMask = 2147483647;
			files = (
			);
			runOnlyForDeploymentPostprocessing = 0;
		};
/* End PBXResourcesBuildPhase section */

/* Begin PBXShellScriptBuildPhase section */
		0977C1185657BC54995B79AA /* [CP] Check Pods Manifest.lock */ = {
			isa = PBXShellScriptBuildPhase;
			buildActionMask = 2147483647;
			files = (
			);
			inputPaths = (
			);
			name = "[CP] Check Pods Manifest.lock";
			outputPaths = (
			);
			runOnlyForDeploymentPostprocessing = 0;
			shellPath = /bin/sh;
			shellScript = "diff \"${PODS_ROOT}/../Podfile.lock\" \"${PODS_ROOT}/Manifest.lock\" > /dev/null\nif [[ $? != 0 ]] ; then\n    cat << EOM\nerror: The sandbox is not in sync with the Podfile.lock. Run 'pod install' or update your CocoaPods installation.\nEOM\n    exit 1\nfi\n";
			showEnvVarsInLog = 0;
		};
		1CD126E18FB7FF8333F4B446 /* [CP] Embed Pods Frameworks */ = {
			isa = PBXShellScriptBuildPhase;
			buildActionMask = 2147483647;
			files = (
			);
			inputPaths = (
			);
			name = "[CP] Embed Pods Frameworks";
			outputPaths = (
			);
			runOnlyForDeploymentPostprocessing = 0;
			shellPath = /bin/sh;
			shellScript = "\"${SRCROOT}/Pods/Target Support Files/Pods-ADIONATests/Pods-ADIONATests-frameworks.sh\"\n";
			showEnvVarsInLog = 0;
		};
		4C5A1CC37A6B0D0286DAAD74 /* [CP] Copy Pods Resources */ = {
			isa = PBXShellScriptBuildPhase;
			buildActionMask = 2147483647;
			files = (
			);
			inputPaths = (
			);
			name = "[CP] Copy Pods Resources";
			outputPaths = (
			);
			runOnlyForDeploymentPostprocessing = 0;
			shellPath = /bin/sh;
			shellScript = "\"${SRCROOT}/Pods/Target Support Files/Pods-ADIONA/Pods-ADIONA-resources.sh\"\n";
			showEnvVarsInLog = 0;
		};
		50540B1395D63B724F0BE59A /* [CP] Embed Pods Frameworks */ = {
			isa = PBXShellScriptBuildPhase;
			buildActionMask = 2147483647;
			files = (
			);
			inputPaths = (
			);
			name = "[CP] Embed Pods Frameworks";
			outputPaths = (
			);
			runOnlyForDeploymentPostprocessing = 0;
			shellPath = /bin/sh;
			shellScript = "\"${SRCROOT}/Pods/Target Support Files/Pods-ADIONA/Pods-ADIONA-frameworks.sh\"\n";
			showEnvVarsInLog = 0;
		};
		615329BE6CFA0D1B2EE90212 /* [CP] Check Pods Manifest.lock */ = {
			isa = PBXShellScriptBuildPhase;
			buildActionMask = 2147483647;
			files = (
			);
			inputPaths = (
			);
			name = "[CP] Check Pods Manifest.lock";
			outputPaths = (
			);
			runOnlyForDeploymentPostprocessing = 0;
			shellPath = /bin/sh;
			shellScript = "diff \"${PODS_ROOT}/../Podfile.lock\" \"${PODS_ROOT}/Manifest.lock\" > /dev/null\nif [[ $? != 0 ]] ; then\n    cat << EOM\nerror: The sandbox is not in sync with the Podfile.lock. Run 'pod install' or update your CocoaPods installation.\nEOM\n    exit 1\nfi\n";
			showEnvVarsInLog = 0;
		};
		65B9F6B9CE75A202FBDBFDD5 /* [CP] Copy Pods Resources */ = {
			isa = PBXShellScriptBuildPhase;
			buildActionMask = 2147483647;
			files = (
			);
			inputPaths = (
			);
			name = "[CP] Copy Pods Resources";
			outputPaths = (
			);
			runOnlyForDeploymentPostprocessing = 0;
			shellPath = /bin/sh;
			shellScript = "\"${SRCROOT}/Pods/Target Support Files/Pods-ADIONAUITests/Pods-ADIONAUITests-resources.sh\"\n";
			showEnvVarsInLog = 0;
		};
		74B52FC4AF75D6369081A947 /* [CP] Copy Pods Resources */ = {
			isa = PBXShellScriptBuildPhase;
			buildActionMask = 2147483647;
			files = (
			);
			inputPaths = (
			);
			name = "[CP] Copy Pods Resources";
			outputPaths = (
			);
			runOnlyForDeploymentPostprocessing = 0;
			shellPath = /bin/sh;
			shellScript = "\"${SRCROOT}/Pods/Target Support Files/Pods-ADIONATests/Pods-ADIONATests-resources.sh\"\n";
			showEnvVarsInLog = 0;
		};
		F8168BB5DCDCBA15F38C5F46 /* [CP] Check Pods Manifest.lock */ = {
			isa = PBXShellScriptBuildPhase;
			buildActionMask = 2147483647;
			files = (
			);
			inputPaths = (
			);
			name = "[CP] Check Pods Manifest.lock";
			outputPaths = (
			);
			runOnlyForDeploymentPostprocessing = 0;
			shellPath = /bin/sh;
			shellScript = "diff \"${PODS_ROOT}/../Podfile.lock\" \"${PODS_ROOT}/Manifest.lock\" > /dev/null\nif [[ $? != 0 ]] ; then\n    cat << EOM\nerror: The sandbox is not in sync with the Podfile.lock. Run 'pod install' or update your CocoaPods installation.\nEOM\n    exit 1\nfi\n";
			showEnvVarsInLog = 0;
		};
/* End PBXShellScriptBuildPhase section */

/* Begin PBXSourcesBuildPhase section */
		1156CFB81D846B7D006F45CC /* Sources */ = {
			isa = PBXSourcesBuildPhase;
			buildActionMask = 2147483647;
			files = (
				1B9D42CB1D848E6800350CAE /* (null) in Sources */,
				1156CFC21D846B7D006F45CC /* ViewController.swift in Sources */,
<<<<<<< HEAD
				1B7627101D85BC5000FC61A2 /* VCMapView.swift in Sources */,
				1B7627081D84C4C900FC61A2 /* initScreen.swift in Sources */,
=======
				1B9D42C71D847FA800350CAE /* (null) in Sources */,
				30AEFB101D84927F0036C4C0 /* MessageComposer.swift in Sources */,
				1B9D42CE1D849AFB00350CAE /* (null) in Sources */,
>>>>>>> e1cfb1a6ea983470f91087042272a71d09fbbcfb
				1B9D42C91D84810B00350CAE /* (null) in Sources */,
				1B76270E1D85BBAA00FC61A2 /* Crime.swift in Sources */,
				1156CFC01D846B7D006F45CC /* AppDelegate.swift in Sources */,
				1B9D42C71D847FA800350CAE /* (null) in Sources */,
				1B9D42CE1D849AFB00350CAE /* (null) in Sources */,
<<<<<<< HEAD
				1B76270C1D85B84900FC61A2 /* MapViewController.swift in Sources */,
				1B43236F1D85CE75002BE96D /* MessageComposer.swift in Sources */,
=======
>>>>>>> e1cfb1a6ea983470f91087042272a71d09fbbcfb
			);
			runOnlyForDeploymentPostprocessing = 0;
		};
		1156CFCC1D846B7D006F45CC /* Sources */ = {
			isa = PBXSourcesBuildPhase;
			buildActionMask = 2147483647;
			files = (
				1156CFD51D846B7D006F45CC /* ADIONATests.swift in Sources */,
			);
			runOnlyForDeploymentPostprocessing = 0;
		};
		1156CFD71D846B7D006F45CC /* Sources */ = {
			isa = PBXSourcesBuildPhase;
			buildActionMask = 2147483647;
			files = (
				1156CFE01D846B7D006F45CC /* ADIONAUITests.swift in Sources */,
			);
			runOnlyForDeploymentPostprocessing = 0;
		};
/* End PBXSourcesBuildPhase section */

/* Begin PBXTargetDependency section */
		1156CFD21D846B7D006F45CC /* PBXTargetDependency */ = {
			isa = PBXTargetDependency;
			target = 1156CFBB1D846B7D006F45CC /* ADIONA */;
			targetProxy = 1156CFD11D846B7D006F45CC /* PBXContainerItemProxy */;
		};
		1156CFDD1D846B7D006F45CC /* PBXTargetDependency */ = {
			isa = PBXTargetDependency;
			target = 1156CFBB1D846B7D006F45CC /* ADIONA */;
			targetProxy = 1156CFDC1D846B7D006F45CC /* PBXContainerItemProxy */;
		};
/* End PBXTargetDependency section */

/* Begin PBXVariantGroup section */
		1156CFC31D846B7D006F45CC /* Main.storyboard */ = {
			isa = PBXVariantGroup;
			children = (
				1156CFC41D846B7D006F45CC /* Base */,
			);
			name = Main.storyboard;
			sourceTree = "<group>";
		};
		1156CFC81D846B7D006F45CC /* LaunchScreen.storyboard */ = {
			isa = PBXVariantGroup;
			children = (
				1156CFC91D846B7D006F45CC /* Base */,
			);
			name = LaunchScreen.storyboard;
			sourceTree = "<group>";
		};
/* End PBXVariantGroup section */

/* Begin XCBuildConfiguration section */
		1156CFE21D846B7D006F45CC /* Debug */ = {
			isa = XCBuildConfiguration;
			buildSettings = {
				ALWAYS_SEARCH_USER_PATHS = NO;
				CLANG_ANALYZER_NONNULL = YES;
				CLANG_CXX_LANGUAGE_STANDARD = "gnu++0x";
				CLANG_CXX_LIBRARY = "libc++";
				CLANG_ENABLE_MODULES = YES;
				CLANG_ENABLE_OBJC_ARC = YES;
				CLANG_WARN_BOOL_CONVERSION = YES;
				CLANG_WARN_CONSTANT_CONVERSION = YES;
				CLANG_WARN_DIRECT_OBJC_ISA_USAGE = YES_ERROR;
				CLANG_WARN_EMPTY_BODY = YES;
				CLANG_WARN_ENUM_CONVERSION = YES;
				CLANG_WARN_INT_CONVERSION = YES;
				CLANG_WARN_OBJC_ROOT_CLASS = YES_ERROR;
				CLANG_WARN_UNREACHABLE_CODE = YES;
				CLANG_WARN__DUPLICATE_METHOD_MATCH = YES;
				"CODE_SIGN_IDENTITY[sdk=iphoneos*]" = "iPhone Developer";
				COPY_PHASE_STRIP = NO;
				DEBUG_INFORMATION_FORMAT = dwarf;
				ENABLE_STRICT_OBJC_MSGSEND = YES;
				ENABLE_TESTABILITY = YES;
				GCC_C_LANGUAGE_STANDARD = gnu99;
				GCC_DYNAMIC_NO_PIC = NO;
				GCC_NO_COMMON_BLOCKS = YES;
				GCC_OPTIMIZATION_LEVEL = 0;
				GCC_PREPROCESSOR_DEFINITIONS = (
					"DEBUG=1",
					"$(inherited)",
				);
				GCC_WARN_64_TO_32_BIT_CONVERSION = YES;
				GCC_WARN_ABOUT_RETURN_TYPE = YES_ERROR;
				GCC_WARN_UNDECLARED_SELECTOR = YES;
				GCC_WARN_UNINITIALIZED_AUTOS = YES_AGGRESSIVE;
				GCC_WARN_UNUSED_FUNCTION = YES;
				GCC_WARN_UNUSED_VARIABLE = YES;
				IPHONEOS_DEPLOYMENT_TARGET = 9.3;
				MTL_ENABLE_DEBUG_INFO = YES;
				ONLY_ACTIVE_ARCH = YES;
				SDKROOT = iphoneos;
				SWIFT_OPTIMIZATION_LEVEL = "-Onone";
				TARGETED_DEVICE_FAMILY = "1,2";
			};
			name = Debug;
		};
		1156CFE31D846B7D006F45CC /* Release */ = {
			isa = XCBuildConfiguration;
			buildSettings = {
				ALWAYS_SEARCH_USER_PATHS = NO;
				CLANG_ANALYZER_NONNULL = YES;
				CLANG_CXX_LANGUAGE_STANDARD = "gnu++0x";
				CLANG_CXX_LIBRARY = "libc++";
				CLANG_ENABLE_MODULES = YES;
				CLANG_ENABLE_OBJC_ARC = YES;
				CLANG_WARN_BOOL_CONVERSION = YES;
				CLANG_WARN_CONSTANT_CONVERSION = YES;
				CLANG_WARN_DIRECT_OBJC_ISA_USAGE = YES_ERROR;
				CLANG_WARN_EMPTY_BODY = YES;
				CLANG_WARN_ENUM_CONVERSION = YES;
				CLANG_WARN_INT_CONVERSION = YES;
				CLANG_WARN_OBJC_ROOT_CLASS = YES_ERROR;
				CLANG_WARN_UNREACHABLE_CODE = YES;
				CLANG_WARN__DUPLICATE_METHOD_MATCH = YES;
				"CODE_SIGN_IDENTITY[sdk=iphoneos*]" = "iPhone Developer";
				COPY_PHASE_STRIP = NO;
				DEBUG_INFORMATION_FORMAT = "dwarf-with-dsym";
				ENABLE_NS_ASSERTIONS = NO;
				ENABLE_STRICT_OBJC_MSGSEND = YES;
				GCC_C_LANGUAGE_STANDARD = gnu99;
				GCC_NO_COMMON_BLOCKS = YES;
				GCC_WARN_64_TO_32_BIT_CONVERSION = YES;
				GCC_WARN_ABOUT_RETURN_TYPE = YES_ERROR;
				GCC_WARN_UNDECLARED_SELECTOR = YES;
				GCC_WARN_UNINITIALIZED_AUTOS = YES_AGGRESSIVE;
				GCC_WARN_UNUSED_FUNCTION = YES;
				GCC_WARN_UNUSED_VARIABLE = YES;
				IPHONEOS_DEPLOYMENT_TARGET = 9.3;
				MTL_ENABLE_DEBUG_INFO = NO;
				SDKROOT = iphoneos;
				TARGETED_DEVICE_FAMILY = "1,2";
				VALIDATE_PRODUCT = YES;
			};
			name = Release;
		};
		1156CFE51D846B7D006F45CC /* Debug */ = {
			isa = XCBuildConfiguration;
			baseConfigurationReference = 3EE01030AECDC8C3BFB97CE7 /* Pods-ADIONA.debug.xcconfig */;
			buildSettings = {
				ASSETCATALOG_COMPILER_APPICON_NAME = AppIcon;
				CODE_SIGN_IDENTITY = "iPhone Developer";
				"CODE_SIGN_IDENTITY[sdk=iphoneos*]" = "iPhone Developer";
				INFOPLIST_FILE = ADIONA/Info.plist;
				LD_RUNPATH_SEARCH_PATHS = "$(inherited) @executable_path/Frameworks";
<<<<<<< HEAD
				PRODUCT_BUNDLE_IDENTIFIER = sdhfbdgdgfshjbelectricchance.ADIONA;
=======
				PRODUCT_BUNDLE_IDENTIFIER = com.example.janet;
>>>>>>> e1cfb1a6ea983470f91087042272a71d09fbbcfb
				PRODUCT_NAME = "$(TARGET_NAME)";
				PROVISIONING_PROFILE = "";
				SWIFT_OBJC_BRIDGING_HEADER = "";
				TARGETED_DEVICE_FAMILY = 1;
			};
			name = Debug;
		};
		1156CFE61D846B7D006F45CC /* Release */ = {
			isa = XCBuildConfiguration;
			baseConfigurationReference = 373C322C67D752962092D4FE /* Pods-ADIONA.release.xcconfig */;
			buildSettings = {
				ASSETCATALOG_COMPILER_APPICON_NAME = AppIcon;
				CODE_SIGN_IDENTITY = "iPhone Developer";
				"CODE_SIGN_IDENTITY[sdk=iphoneos*]" = "iPhone Developer";
				INFOPLIST_FILE = ADIONA/Info.plist;
				LD_RUNPATH_SEARCH_PATHS = "$(inherited) @executable_path/Frameworks";
<<<<<<< HEAD
				PRODUCT_BUNDLE_IDENTIFIER = sdhfbdgdgfshjbelectricchance.ADIONA;
=======
				PRODUCT_BUNDLE_IDENTIFIER = com.example.janet;
>>>>>>> e1cfb1a6ea983470f91087042272a71d09fbbcfb
				PRODUCT_NAME = "$(TARGET_NAME)";
				PROVISIONING_PROFILE = "";
				SWIFT_OBJC_BRIDGING_HEADER = "";
				TARGETED_DEVICE_FAMILY = 1;
			};
			name = Release;
		};
		1156CFE81D846B7D006F45CC /* Debug */ = {
			isa = XCBuildConfiguration;
			baseConfigurationReference = 0A827FF20DBC8F4F22284A1B /* Pods-ADIONATests.debug.xcconfig */;
			buildSettings = {
				BUNDLE_LOADER = "$(TEST_HOST)";
				INFOPLIST_FILE = ADIONATests/Info.plist;
				LD_RUNPATH_SEARCH_PATHS = "$(inherited) @executable_path/Frameworks @loader_path/Frameworks";
				PRODUCT_BUNDLE_IDENTIFIER = com.electricchance.ADIONATests;
				PRODUCT_NAME = "$(TARGET_NAME)";
				TEST_HOST = "$(BUILT_PRODUCTS_DIR)/ADIONA.app/ADIONA";
			};
			name = Debug;
		};
		1156CFE91D846B7D006F45CC /* Release */ = {
			isa = XCBuildConfiguration;
			baseConfigurationReference = C2EA18FB9D64787ADEE9C9E3 /* Pods-ADIONATests.release.xcconfig */;
			buildSettings = {
				BUNDLE_LOADER = "$(TEST_HOST)";
				INFOPLIST_FILE = ADIONATests/Info.plist;
				LD_RUNPATH_SEARCH_PATHS = "$(inherited) @executable_path/Frameworks @loader_path/Frameworks";
				PRODUCT_BUNDLE_IDENTIFIER = com.electricchance.ADIONATests;
				PRODUCT_NAME = "$(TARGET_NAME)";
				TEST_HOST = "$(BUILT_PRODUCTS_DIR)/ADIONA.app/ADIONA";
			};
			name = Release;
		};
		1156CFEB1D846B7D006F45CC /* Debug */ = {
			isa = XCBuildConfiguration;
			baseConfigurationReference = 710BBFB6D78ADC29F4220809 /* Pods-ADIONAUITests.debug.xcconfig */;
			buildSettings = {
				INFOPLIST_FILE = ADIONAUITests/Info.plist;
				LD_RUNPATH_SEARCH_PATHS = "$(inherited) @executable_path/Frameworks @loader_path/Frameworks";
				PRODUCT_BUNDLE_IDENTIFIER = com.electricchance.ADIONAUITests;
				PRODUCT_NAME = "$(TARGET_NAME)";
				TEST_TARGET_NAME = ADIONA;
			};
			name = Debug;
		};
		1156CFEC1D846B7D006F45CC /* Release */ = {
			isa = XCBuildConfiguration;
			baseConfigurationReference = 7568ACE10C834936B1FA0CCA /* Pods-ADIONAUITests.release.xcconfig */;
			buildSettings = {
				INFOPLIST_FILE = ADIONAUITests/Info.plist;
				LD_RUNPATH_SEARCH_PATHS = "$(inherited) @executable_path/Frameworks @loader_path/Frameworks";
				PRODUCT_BUNDLE_IDENTIFIER = com.electricchance.ADIONAUITests;
				PRODUCT_NAME = "$(TARGET_NAME)";
				TEST_TARGET_NAME = ADIONA;
			};
			name = Release;
		};
/* End XCBuildConfiguration section */

/* Begin XCConfigurationList section */
		1156CFB71D846B7C006F45CC /* Build configuration list for PBXProject "ADIONA" */ = {
			isa = XCConfigurationList;
			buildConfigurations = (
				1156CFE21D846B7D006F45CC /* Debug */,
				1156CFE31D846B7D006F45CC /* Release */,
			);
			defaultConfigurationIsVisible = 0;
			defaultConfigurationName = Release;
		};
		1156CFE41D846B7D006F45CC /* Build configuration list for PBXNativeTarget "ADIONA" */ = {
			isa = XCConfigurationList;
			buildConfigurations = (
				1156CFE51D846B7D006F45CC /* Debug */,
				1156CFE61D846B7D006F45CC /* Release */,
			);
			defaultConfigurationIsVisible = 0;
			defaultConfigurationName = Release;
		};
		1156CFE71D846B7D006F45CC /* Build configuration list for PBXNativeTarget "ADIONATests" */ = {
			isa = XCConfigurationList;
			buildConfigurations = (
				1156CFE81D846B7D006F45CC /* Debug */,
				1156CFE91D846B7D006F45CC /* Release */,
			);
			defaultConfigurationIsVisible = 0;
			defaultConfigurationName = Release;
		};
		1156CFEA1D846B7D006F45CC /* Build configuration list for PBXNativeTarget "ADIONAUITests" */ = {
			isa = XCConfigurationList;
			buildConfigurations = (
				1156CFEB1D846B7D006F45CC /* Debug */,
				1156CFEC1D846B7D006F45CC /* Release */,
			);
			defaultConfigurationIsVisible = 0;
			defaultConfigurationName = Release;
		};
/* End XCConfigurationList section */
	};
	rootObject = 1156CFB41D846B7C006F45CC /* Project object */;
}
